// !$*UTF8*$!
{
	archiveVersion = 1;
	classes = {
	};
	objectVersion = 50;
	objects = {

/* Begin PBXBuildFile section */
		9CD4EE3B26A15B25001838AE /* OnboardingScreenPresenterProtocols.swift in Sources */ = {isa = PBXBuildFile; fileRef = 9CD4EE2F26A15B25001838AE /* OnboardingScreenPresenterProtocols.swift */; };
		9CD4EE3C26A15B25001838AE /* OnboardingScreenPresenter.swift in Sources */ = {isa = PBXBuildFile; fileRef = 9CD4EE3026A15B25001838AE /* OnboardingScreenPresenter.swift */; };
		9CD4EE3D26A15B25001838AE /* OnboardingScreenWireframe.swift in Sources */ = {isa = PBXBuildFile; fileRef = 9CD4EE3226A15B25001838AE /* OnboardingScreenWireframe.swift */; };
		9CD4EE3E26A15B25001838AE /* OnboardingScreenWireframeProtocols.swift in Sources */ = {isa = PBXBuildFile; fileRef = 9CD4EE3326A15B25001838AE /* OnboardingScreenWireframeProtocols.swift */; };
		9CD4EE3F26A15B25001838AE /* OnboardingScreen.storyboard in Resources */ = {isa = PBXBuildFile; fileRef = 9CD4EE3526A15B25001838AE /* OnboardingScreen.storyboard */; };
		9CD4EE4026A15B25001838AE /* OnboardingScreenView.swift in Sources */ = {isa = PBXBuildFile; fileRef = 9CD4EE3626A15B25001838AE /* OnboardingScreenView.swift */; };
		9CD4EE4126A15B25001838AE /* OnboardingScreenViewProtocols.swift in Sources */ = {isa = PBXBuildFile; fileRef = 9CD4EE3726A15B25001838AE /* OnboardingScreenViewProtocols.swift */; };
		9CD4EE4226A15B25001838AE /* OnboardingScreenInteractorProtocols.swift in Sources */ = {isa = PBXBuildFile; fileRef = 9CD4EE3926A15B25001838AE /* OnboardingScreenInteractorProtocols.swift */; };
		9CD4EE4326A15B25001838AE /* OnboardingScreenInteractor.swift in Sources */ = {isa = PBXBuildFile; fileRef = 9CD4EE3A26A15B25001838AE /* OnboardingScreenInteractor.swift */; };
		9CD4EE4626A1C3F4001838AE /* CountryModel.swift in Sources */ = {isa = PBXBuildFile; fileRef = 9CD4EE4526A1C3F4001838AE /* CountryModel.swift */; };
		9CD4EE4A26A20E84001838AE /* Alertable.swift in Sources */ = {isa = PBXBuildFile; fileRef = 9CD4EE4926A20E84001838AE /* Alertable.swift */; };
		9CD4EE5D26A21533001838AE /* HeadLinesScreenPresenter.swift in Sources */ = {isa = PBXBuildFile; fileRef = 9CD4EE5126A21533001838AE /* HeadLinesScreenPresenter.swift */; };
		9CD4EE5E26A21533001838AE /* HeadLinesScreenPresenterProtocols.swift in Sources */ = {isa = PBXBuildFile; fileRef = 9CD4EE5226A21533001838AE /* HeadLinesScreenPresenterProtocols.swift */; };
		9CD4EE5F26A21533001838AE /* HeadLinesScreenWireframeProtocols.swift in Sources */ = {isa = PBXBuildFile; fileRef = 9CD4EE5426A21533001838AE /* HeadLinesScreenWireframeProtocols.swift */; };
		9CD4EE6026A21533001838AE /* HeadLinesScreenWireframe.swift in Sources */ = {isa = PBXBuildFile; fileRef = 9CD4EE5526A21533001838AE /* HeadLinesScreenWireframe.swift */; };
		9CD4EE6126A21533001838AE /* HeadLinesScreenView.swift in Sources */ = {isa = PBXBuildFile; fileRef = 9CD4EE5726A21533001838AE /* HeadLinesScreenView.swift */; };
		9CD4EE6226A21533001838AE /* HeadLinesScreenViewProtocols.swift in Sources */ = {isa = PBXBuildFile; fileRef = 9CD4EE5826A21533001838AE /* HeadLinesScreenViewProtocols.swift */; };
		9CD4EE6326A21533001838AE /* HeadLinesScreen.storyboard in Resources */ = {isa = PBXBuildFile; fileRef = 9CD4EE5926A21533001838AE /* HeadLinesScreen.storyboard */; };
		9CD4EE6426A21533001838AE /* HeadLinesScreenInteractor.swift in Sources */ = {isa = PBXBuildFile; fileRef = 9CD4EE5B26A21533001838AE /* HeadLinesScreenInteractor.swift */; };
		9CD4EE6526A21533001838AE /* HeadLinesScreenInteractorProtocols.swift in Sources */ = {isa = PBXBuildFile; fileRef = 9CD4EE5C26A21533001838AE /* HeadLinesScreenInteractorProtocols.swift */; };
		9CD4EE6926A2176E001838AE /* ServiceHandler.swift in Sources */ = {isa = PBXBuildFile; fileRef = 9CD4EE6726A2176E001838AE /* ServiceHandler.swift */; };
		9CD4EE6A26A2176E001838AE /* WebService.swift in Sources */ = {isa = PBXBuildFile; fileRef = 9CD4EE6826A2176E001838AE /* WebService.swift */; };
		9CD4EE6D26A21872001838AE /* HeadLineModel.swift in Sources */ = {isa = PBXBuildFile; fileRef = 9CD4EE6C26A21872001838AE /* HeadLineModel.swift */; };
		9CD4EE6F26A21981001838AE /* Constants.swift in Sources */ = {isa = PBXBuildFile; fileRef = 9CD4EE6E26A21981001838AE /* Constants.swift */; };
		9CD9728E26A1564300A3D879 /* AppDelegate.swift in Sources */ = {isa = PBXBuildFile; fileRef = 9CD9728D26A1564300A3D879 /* AppDelegate.swift */; };
		9CD9729826A1564300A3D879 /* NewsApp.xcdatamodeld in Sources */ = {isa = PBXBuildFile; fileRef = 9CD9729626A1564300A3D879 /* NewsApp.xcdatamodeld */; };
		9CD9729A26A1564600A3D879 /* Assets.xcassets in Resources */ = {isa = PBXBuildFile; fileRef = 9CD9729926A1564600A3D879 /* Assets.xcassets */; };
		9CD9729D26A1564600A3D879 /* LaunchScreen.storyboard in Resources */ = {isa = PBXBuildFile; fileRef = 9CD9729B26A1564600A3D879 /* LaunchScreen.storyboard */; };
		9CD972A826A1564600A3D879 /* NewsAppTests.swift in Sources */ = {isa = PBXBuildFile; fileRef = 9CD972A726A1564600A3D879 /* NewsAppTests.swift */; };
		9CD972B326A1564600A3D879 /* NewsAppUITests.swift in Sources */ = {isa = PBXBuildFile; fileRef = 9CD972B226A1564600A3D879 /* NewsAppUITests.swift */; };
		9CDA572F26A304D700F8418A /* CategoryCell.swift in Sources */ = {isa = PBXBuildFile; fileRef = 9CDA572D26A304D700F8418A /* CategoryCell.swift */; };
		9CDA573026A304D700F8418A /* CategoryCell.xib in Resources */ = {isa = PBXBuildFile; fileRef = 9CDA572E26A304D700F8418A /* CategoryCell.xib */; };
		9CEE3FFF26A2220400C80115 /* HeadLinesCell.swift in Sources */ = {isa = PBXBuildFile; fileRef = 9CEE3FFD26A2220400C80115 /* HeadLinesCell.swift */; };
		9CEE400026A2220400C80115 /* HeadLinesCell.xib in Resources */ = {isa = PBXBuildFile; fileRef = 9CEE3FFE26A2220400C80115 /* HeadLinesCell.xib */; };
		9CEE400426A226BA00C80115 /* ImageLoader.swift in Sources */ = {isa = PBXBuildFile; fileRef = 9CEE400226A226BA00C80115 /* ImageLoader.swift */; };
		9CEE400526A226BA00C80115 /* CacheManager.swift in Sources */ = {isa = PBXBuildFile; fileRef = 9CEE400326A226BA00C80115 /* CacheManager.swift */; };
/* End PBXBuildFile section */

/* Begin PBXContainerItemProxy section */
		9CD972A426A1564600A3D879 /* PBXContainerItemProxy */ = {
			isa = PBXContainerItemProxy;
			containerPortal = 9CD9728226A1564300A3D879 /* Project object */;
			proxyType = 1;
			remoteGlobalIDString = 9CD9728926A1564300A3D879;
			remoteInfo = NewsApp;
		};
		9CD972AF26A1564600A3D879 /* PBXContainerItemProxy */ = {
			isa = PBXContainerItemProxy;
			containerPortal = 9CD9728226A1564300A3D879 /* Project object */;
			proxyType = 1;
			remoteGlobalIDString = 9CD9728926A1564300A3D879;
			remoteInfo = NewsApp;
		};
/* End PBXContainerItemProxy section */

/* Begin PBXFileReference section */
		9CD4EE2F26A15B25001838AE /* OnboardingScreenPresenterProtocols.swift */ = {isa = PBXFileReference; fileEncoding = 4; lastKnownFileType = sourcecode.swift; path = OnboardingScreenPresenterProtocols.swift; sourceTree = "<group>"; };
		9CD4EE3026A15B25001838AE /* OnboardingScreenPresenter.swift */ = {isa = PBXFileReference; fileEncoding = 4; lastKnownFileType = sourcecode.swift; path = OnboardingScreenPresenter.swift; sourceTree = "<group>"; };
		9CD4EE3226A15B25001838AE /* OnboardingScreenWireframe.swift */ = {isa = PBXFileReference; fileEncoding = 4; lastKnownFileType = sourcecode.swift; path = OnboardingScreenWireframe.swift; sourceTree = "<group>"; };
		9CD4EE3326A15B25001838AE /* OnboardingScreenWireframeProtocols.swift */ = {isa = PBXFileReference; fileEncoding = 4; lastKnownFileType = sourcecode.swift; path = OnboardingScreenWireframeProtocols.swift; sourceTree = "<group>"; };
		9CD4EE3526A15B25001838AE /* OnboardingScreen.storyboard */ = {isa = PBXFileReference; fileEncoding = 4; lastKnownFileType = file.storyboard; path = OnboardingScreen.storyboard; sourceTree = "<group>"; };
		9CD4EE3626A15B25001838AE /* OnboardingScreenView.swift */ = {isa = PBXFileReference; fileEncoding = 4; lastKnownFileType = sourcecode.swift; path = OnboardingScreenView.swift; sourceTree = "<group>"; };
		9CD4EE3726A15B25001838AE /* OnboardingScreenViewProtocols.swift */ = {isa = PBXFileReference; fileEncoding = 4; lastKnownFileType = sourcecode.swift; path = OnboardingScreenViewProtocols.swift; sourceTree = "<group>"; };
		9CD4EE3926A15B25001838AE /* OnboardingScreenInteractorProtocols.swift */ = {isa = PBXFileReference; fileEncoding = 4; lastKnownFileType = sourcecode.swift; path = OnboardingScreenInteractorProtocols.swift; sourceTree = "<group>"; };
		9CD4EE3A26A15B25001838AE /* OnboardingScreenInteractor.swift */ = {isa = PBXFileReference; fileEncoding = 4; lastKnownFileType = sourcecode.swift; path = OnboardingScreenInteractor.swift; sourceTree = "<group>"; };
		9CD4EE4526A1C3F4001838AE /* CountryModel.swift */ = {isa = PBXFileReference; lastKnownFileType = sourcecode.swift; path = CountryModel.swift; sourceTree = "<group>"; };
		9CD4EE4926A20E84001838AE /* Alertable.swift */ = {isa = PBXFileReference; lastKnownFileType = sourcecode.swift; path = Alertable.swift; sourceTree = "<group>"; };
		9CD4EE5126A21533001838AE /* HeadLinesScreenPresenter.swift */ = {isa = PBXFileReference; fileEncoding = 4; lastKnownFileType = sourcecode.swift; path = HeadLinesScreenPresenter.swift; sourceTree = "<group>"; };
		9CD4EE5226A21533001838AE /* HeadLinesScreenPresenterProtocols.swift */ = {isa = PBXFileReference; fileEncoding = 4; lastKnownFileType = sourcecode.swift; path = HeadLinesScreenPresenterProtocols.swift; sourceTree = "<group>"; };
		9CD4EE5426A21533001838AE /* HeadLinesScreenWireframeProtocols.swift */ = {isa = PBXFileReference; fileEncoding = 4; lastKnownFileType = sourcecode.swift; path = HeadLinesScreenWireframeProtocols.swift; sourceTree = "<group>"; };
		9CD4EE5526A21533001838AE /* HeadLinesScreenWireframe.swift */ = {isa = PBXFileReference; fileEncoding = 4; lastKnownFileType = sourcecode.swift; path = HeadLinesScreenWireframe.swift; sourceTree = "<group>"; };
		9CD4EE5726A21533001838AE /* HeadLinesScreenView.swift */ = {isa = PBXFileReference; fileEncoding = 4; lastKnownFileType = sourcecode.swift; path = HeadLinesScreenView.swift; sourceTree = "<group>"; };
		9CD4EE5826A21533001838AE /* HeadLinesScreenViewProtocols.swift */ = {isa = PBXFileReference; fileEncoding = 4; lastKnownFileType = sourcecode.swift; path = HeadLinesScreenViewProtocols.swift; sourceTree = "<group>"; };
		9CD4EE5926A21533001838AE /* HeadLinesScreen.storyboard */ = {isa = PBXFileReference; fileEncoding = 4; lastKnownFileType = file.storyboard; path = HeadLinesScreen.storyboard; sourceTree = "<group>"; };
		9CD4EE5B26A21533001838AE /* HeadLinesScreenInteractor.swift */ = {isa = PBXFileReference; fileEncoding = 4; lastKnownFileType = sourcecode.swift; path = HeadLinesScreenInteractor.swift; sourceTree = "<group>"; };
		9CD4EE5C26A21533001838AE /* HeadLinesScreenInteractorProtocols.swift */ = {isa = PBXFileReference; fileEncoding = 4; lastKnownFileType = sourcecode.swift; path = HeadLinesScreenInteractorProtocols.swift; sourceTree = "<group>"; };
		9CD4EE6726A2176E001838AE /* ServiceHandler.swift */ = {isa = PBXFileReference; fileEncoding = 4; lastKnownFileType = sourcecode.swift; path = ServiceHandler.swift; sourceTree = "<group>"; };
		9CD4EE6826A2176E001838AE /* WebService.swift */ = {isa = PBXFileReference; fileEncoding = 4; lastKnownFileType = sourcecode.swift; path = WebService.swift; sourceTree = "<group>"; };
		9CD4EE6C26A21872001838AE /* HeadLineModel.swift */ = {isa = PBXFileReference; lastKnownFileType = sourcecode.swift; path = HeadLineModel.swift; sourceTree = "<group>"; };
		9CD4EE6E26A21981001838AE /* Constants.swift */ = {isa = PBXFileReference; lastKnownFileType = sourcecode.swift; path = Constants.swift; sourceTree = "<group>"; };
		9CD9728A26A1564300A3D879 /* NewsApp.app */ = {isa = PBXFileReference; explicitFileType = wrapper.application; includeInIndex = 0; path = NewsApp.app; sourceTree = BUILT_PRODUCTS_DIR; };
		9CD9728D26A1564300A3D879 /* AppDelegate.swift */ = {isa = PBXFileReference; lastKnownFileType = sourcecode.swift; path = AppDelegate.swift; sourceTree = "<group>"; };
		9CD9729726A1564300A3D879 /* NewsApp.xcdatamodel */ = {isa = PBXFileReference; lastKnownFileType = wrapper.xcdatamodel; path = NewsApp.xcdatamodel; sourceTree = "<group>"; };
		9CD9729926A1564600A3D879 /* Assets.xcassets */ = {isa = PBXFileReference; lastKnownFileType = folder.assetcatalog; path = Assets.xcassets; sourceTree = "<group>"; };
		9CD9729C26A1564600A3D879 /* Base */ = {isa = PBXFileReference; lastKnownFileType = file.storyboard; name = Base; path = Base.lproj/LaunchScreen.storyboard; sourceTree = "<group>"; };
		9CD9729E26A1564600A3D879 /* Info.plist */ = {isa = PBXFileReference; lastKnownFileType = text.plist.xml; path = Info.plist; sourceTree = "<group>"; };
		9CD972A326A1564600A3D879 /* NewsAppTests.xctest */ = {isa = PBXFileReference; explicitFileType = wrapper.cfbundle; includeInIndex = 0; path = NewsAppTests.xctest; sourceTree = BUILT_PRODUCTS_DIR; };
		9CD972A726A1564600A3D879 /* NewsAppTests.swift */ = {isa = PBXFileReference; lastKnownFileType = sourcecode.swift; path = NewsAppTests.swift; sourceTree = "<group>"; };
		9CD972A926A1564600A3D879 /* Info.plist */ = {isa = PBXFileReference; lastKnownFileType = text.plist.xml; path = Info.plist; sourceTree = "<group>"; };
		9CD972AE26A1564600A3D879 /* NewsAppUITests.xctest */ = {isa = PBXFileReference; explicitFileType = wrapper.cfbundle; includeInIndex = 0; path = NewsAppUITests.xctest; sourceTree = BUILT_PRODUCTS_DIR; };
		9CD972B226A1564600A3D879 /* NewsAppUITests.swift */ = {isa = PBXFileReference; lastKnownFileType = sourcecode.swift; path = NewsAppUITests.swift; sourceTree = "<group>"; };
		9CD972B426A1564600A3D879 /* Info.plist */ = {isa = PBXFileReference; lastKnownFileType = text.plist.xml; path = Info.plist; sourceTree = "<group>"; };
		9CDA572D26A304D700F8418A /* CategoryCell.swift */ = {isa = PBXFileReference; lastKnownFileType = sourcecode.swift; path = CategoryCell.swift; sourceTree = "<group>"; };
		9CDA572E26A304D700F8418A /* CategoryCell.xib */ = {isa = PBXFileReference; lastKnownFileType = file.xib; path = CategoryCell.xib; sourceTree = "<group>"; };
		9CEE3FFD26A2220400C80115 /* HeadLinesCell.swift */ = {isa = PBXFileReference; lastKnownFileType = sourcecode.swift; path = HeadLinesCell.swift; sourceTree = "<group>"; };
		9CEE3FFE26A2220400C80115 /* HeadLinesCell.xib */ = {isa = PBXFileReference; lastKnownFileType = file.xib; path = HeadLinesCell.xib; sourceTree = "<group>"; };
		9CEE400226A226BA00C80115 /* ImageLoader.swift */ = {isa = PBXFileReference; fileEncoding = 4; lastKnownFileType = sourcecode.swift; path = ImageLoader.swift; sourceTree = "<group>"; };
		9CEE400326A226BA00C80115 /* CacheManager.swift */ = {isa = PBXFileReference; fileEncoding = 4; lastKnownFileType = sourcecode.swift; path = CacheManager.swift; sourceTree = "<group>"; };
/* End PBXFileReference section */

/* Begin PBXFrameworksBuildPhase section */
		9CD9728726A1564300A3D879 /* Frameworks */ = {
			isa = PBXFrameworksBuildPhase;
			buildActionMask = 2147483647;
			files = (
			);
			runOnlyForDeploymentPostprocessing = 0;
		};
		9CD972A026A1564600A3D879 /* Frameworks */ = {
			isa = PBXFrameworksBuildPhase;
			buildActionMask = 2147483647;
			files = (
			);
			runOnlyForDeploymentPostprocessing = 0;
		};
		9CD972AB26A1564600A3D879 /* Frameworks */ = {
			isa = PBXFrameworksBuildPhase;
			buildActionMask = 2147483647;
			files = (
			);
			runOnlyForDeploymentPostprocessing = 0;
		};
/* End PBXFrameworksBuildPhase section */

/* Begin PBXGroup section */
		9CD4EE2D26A15B25001838AE /* OnboardingScreen */ = {
			isa = PBXGroup;
			children = (
				9CD4EE4426A1C3D6001838AE /* Model */,
				9CD4EE2E26A15B25001838AE /* Presenter */,
				9CD4EE3126A15B25001838AE /* Wireframe */,
				9CD4EE3426A15B25001838AE /* View */,
				9CD4EE3826A15B25001838AE /* Interactor */,
			);
			path = OnboardingScreen;
			sourceTree = "<group>";
		};
		9CD4EE2E26A15B25001838AE /* Presenter */ = {
			isa = PBXGroup;
			children = (
				9CD4EE2F26A15B25001838AE /* OnboardingScreenPresenterProtocols.swift */,
				9CD4EE3026A15B25001838AE /* OnboardingScreenPresenter.swift */,
			);
			path = Presenter;
			sourceTree = "<group>";
		};
		9CD4EE3126A15B25001838AE /* Wireframe */ = {
			isa = PBXGroup;
			children = (
				9CD4EE3226A15B25001838AE /* OnboardingScreenWireframe.swift */,
				9CD4EE3326A15B25001838AE /* OnboardingScreenWireframeProtocols.swift */,
			);
			path = Wireframe;
			sourceTree = "<group>";
		};
		9CD4EE3426A15B25001838AE /* View */ = {
			isa = PBXGroup;
			children = (
				9CD4EE3526A15B25001838AE /* OnboardingScreen.storyboard */,
				9CD4EE3626A15B25001838AE /* OnboardingScreenView.swift */,
				9CD4EE3726A15B25001838AE /* OnboardingScreenViewProtocols.swift */,
			);
			path = View;
			sourceTree = "<group>";
		};
		9CD4EE3826A15B25001838AE /* Interactor */ = {
			isa = PBXGroup;
			children = (
				9CD4EE3926A15B25001838AE /* OnboardingScreenInteractorProtocols.swift */,
				9CD4EE3A26A15B25001838AE /* OnboardingScreenInteractor.swift */,
			);
			path = Interactor;
			sourceTree = "<group>";
		};
		9CD4EE4426A1C3D6001838AE /* Model */ = {
			isa = PBXGroup;
			children = (
				9CD4EE4526A1C3F4001838AE /* CountryModel.swift */,
			);
			path = Model;
			sourceTree = "<group>";
		};
		9CD4EE4726A20E66001838AE /* Utilities */ = {
			isa = PBXGroup;
			children = (
				9CD4EE4826A20E71001838AE /* Alertable */,
				9CEE400126A226BA00C80115 /* ImageLoader */,
				9CD4EE6626A2176E001838AE /* NetworkLayer */,
			);
			path = Utilities;
			sourceTree = "<group>";
		};
		9CD4EE4826A20E71001838AE /* Alertable */ = {
			isa = PBXGroup;
			children = (
				9CD4EE4926A20E84001838AE /* Alertable.swift */,
			);
			path = Alertable;
			sourceTree = "<group>";
		};
		9CD4EE4B26A21474001838AE /* Home */ = {
			isa = PBXGroup;
			children = (
				9CD4EE4F26A21533001838AE /* HeadLinesScreen */,
			);
			path = Home;
			sourceTree = "<group>";
		};
		9CD4EE4F26A21533001838AE /* HeadLinesScreen */ = {
			isa = PBXGroup;
			children = (
				9CD4EE6B26A21868001838AE /* Model */,
				9CD4EE5026A21533001838AE /* Presenter */,
				9CD4EE5326A21533001838AE /* Wireframe */,
				9CD4EE5626A21533001838AE /* View */,
				9CD4EE5A26A21533001838AE /* Interactor */,
			);
			path = HeadLinesScreen;
			sourceTree = "<group>";
		};
		9CD4EE5026A21533001838AE /* Presenter */ = {
			isa = PBXGroup;
			children = (
				9CD4EE5126A21533001838AE /* HeadLinesScreenPresenter.swift */,
				9CD4EE5226A21533001838AE /* HeadLinesScreenPresenterProtocols.swift */,
			);
			path = Presenter;
			sourceTree = "<group>";
		};
		9CD4EE5326A21533001838AE /* Wireframe */ = {
			isa = PBXGroup;
			children = (
				9CD4EE5426A21533001838AE /* HeadLinesScreenWireframeProtocols.swift */,
				9CD4EE5526A21533001838AE /* HeadLinesScreenWireframe.swift */,
			);
			path = Wireframe;
			sourceTree = "<group>";
		};
		9CD4EE5626A21533001838AE /* View */ = {
			isa = PBXGroup;
			children = (
				9CEE3FFC26A221ED00C80115 /* SubViews */,
				9CD4EE5726A21533001838AE /* HeadLinesScreenView.swift */,
				9CD4EE5826A21533001838AE /* HeadLinesScreenViewProtocols.swift */,
				9CD4EE5926A21533001838AE /* HeadLinesScreen.storyboard */,
			);
			path = View;
			sourceTree = "<group>";
		};
		9CD4EE5A26A21533001838AE /* Interactor */ = {
			isa = PBXGroup;
			children = (
				9CD4EE5B26A21533001838AE /* HeadLinesScreenInteractor.swift */,
				9CD4EE5C26A21533001838AE /* HeadLinesScreenInteractorProtocols.swift */,
			);
			path = Interactor;
			sourceTree = "<group>";
		};
		9CD4EE6626A2176E001838AE /* NetworkLayer */ = {
			isa = PBXGroup;
			children = (
				9CD4EE6726A2176E001838AE /* ServiceHandler.swift */,
				9CD4EE6826A2176E001838AE /* WebService.swift */,
			);
			path = NetworkLayer;
			sourceTree = "<group>";
		};
		9CD4EE6B26A21868001838AE /* Model */ = {
			isa = PBXGroup;
			children = (
				9CD4EE6C26A21872001838AE /* HeadLineModel.swift */,
			);
			path = Model;
			sourceTree = "<group>";
		};
		9CD9728126A1564300A3D879 = {
			isa = PBXGroup;
			children = (
				9CD9728C26A1564300A3D879 /* NewsApp */,
				9CD972A626A1564600A3D879 /* NewsAppTests */,
				9CD972B126A1564600A3D879 /* NewsAppUITests */,
				9CD9728B26A1564300A3D879 /* Products */,
			);
			sourceTree = "<group>";
		};
		9CD9728B26A1564300A3D879 /* Products */ = {
			isa = PBXGroup;
			children = (
				9CD9728A26A1564300A3D879 /* NewsApp.app */,
				9CD972A326A1564600A3D879 /* NewsAppTests.xctest */,
				9CD972AE26A1564600A3D879 /* NewsAppUITests.xctest */,
			);
			name = Products;
			sourceTree = "<group>";
		};
		9CD9728C26A1564300A3D879 /* NewsApp */ = {
			isa = PBXGroup;
			children = (
				9CD972C226A1581B00A3D879 /* PresistentStorage */,
				9CD972C126A157EC00A3D879 /* Scenes */,
				9CD972C026A157D800A3D879 /* Assets */,
				9CD4EE4726A20E66001838AE /* Utilities */,
				9CD9728D26A1564300A3D879 /* AppDelegate.swift */,
				9CD9729E26A1564600A3D879 /* Info.plist */,
			);
			path = NewsApp;
			sourceTree = "<group>";
		};
		9CD972A626A1564600A3D879 /* NewsAppTests */ = {
			isa = PBXGroup;
			children = (
				9CD972A726A1564600A3D879 /* NewsAppTests.swift */,
				9CD972A926A1564600A3D879 /* Info.plist */,
			);
			path = NewsAppTests;
			sourceTree = "<group>";
		};
		9CD972B126A1564600A3D879 /* NewsAppUITests */ = {
			isa = PBXGroup;
			children = (
				9CD972B226A1564600A3D879 /* NewsAppUITests.swift */,
				9CD972B426A1564600A3D879 /* Info.plist */,
			);
			path = NewsAppUITests;
			sourceTree = "<group>";
		};
		9CD972C026A157D800A3D879 /* Assets */ = {
			isa = PBXGroup;
			children = (
				9CD9729926A1564600A3D879 /* Assets.xcassets */,
				9CD4EE6E26A21981001838AE /* Constants.swift */,
			);
			path = Assets;
			sourceTree = "<group>";
		};
		9CD972C126A157EC00A3D879 /* Scenes */ = {
			isa = PBXGroup;
			children = (
				9CD972C326A1584E00A3D879 /* LaunchScreen */,
				9CD972C426A1588D00A3D879 /* Onboarding */,
				9CD4EE4B26A21474001838AE /* Home */,
			);
			path = Scenes;
			sourceTree = "<group>";
		};
		9CD972C226A1581B00A3D879 /* PresistentStorage */ = {
			isa = PBXGroup;
			children = (
				9CD9729626A1564300A3D879 /* NewsApp.xcdatamodeld */,
			);
			path = PresistentStorage;
			sourceTree = "<group>";
		};
		9CD972C326A1584E00A3D879 /* LaunchScreen */ = {
			isa = PBXGroup;
			children = (
				9CD9729B26A1564600A3D879 /* LaunchScreen.storyboard */,
			);
			path = LaunchScreen;
			sourceTree = "<group>";
		};
		9CD972C426A1588D00A3D879 /* Onboarding */ = {
			isa = PBXGroup;
			children = (
				9CD4EE2D26A15B25001838AE /* OnboardingScreen */,
			);
			path = Onboarding;
			sourceTree = "<group>";
		};
		9CDA572B26A304A000F8418A /* HeadLinesCell */ = {
			isa = PBXGroup;
			children = (
				9CEE3FFD26A2220400C80115 /* HeadLinesCell.swift */,
				9CEE3FFE26A2220400C80115 /* HeadLinesCell.xib */,
			);
			path = HeadLinesCell;
			sourceTree = "<group>";
		};
		9CDA572C26A304B000F8418A /* CategoryCell */ = {
			isa = PBXGroup;
			children = (
				9CDA572D26A304D700F8418A /* CategoryCell.swift */,
				9CDA572E26A304D700F8418A /* CategoryCell.xib */,
			);
			path = CategoryCell;
			sourceTree = "<group>";
		};
		9CEE3FFC26A221ED00C80115 /* SubViews */ = {
			isa = PBXGroup;
			children = (
				9CDA572C26A304B000F8418A /* CategoryCell */,
				9CDA572B26A304A000F8418A /* HeadLinesCell */,
			);
			path = SubViews;
			sourceTree = "<group>";
		};
		9CEE400126A226BA00C80115 /* ImageLoader */ = {
			isa = PBXGroup;
			children = (
				9CEE400226A226BA00C80115 /* ImageLoader.swift */,
				9CEE400326A226BA00C80115 /* CacheManager.swift */,
			);
			path = ImageLoader;
			sourceTree = "<group>";
		};
/* End PBXGroup section */

/* Begin PBXNativeTarget section */
		9CD9728926A1564300A3D879 /* NewsApp */ = {
			isa = PBXNativeTarget;
			buildConfigurationList = 9CD972B726A1564600A3D879 /* Build configuration list for PBXNativeTarget "NewsApp" */;
			buildPhases = (
				9CD9728626A1564300A3D879 /* Sources */,
				9CD9728726A1564300A3D879 /* Frameworks */,
				9CD9728826A1564300A3D879 /* Resources */,
			);
			buildRules = (
			);
			dependencies = (
			);
			name = NewsApp;
			productName = NewsApp;
			productReference = 9CD9728A26A1564300A3D879 /* NewsApp.app */;
			productType = "com.apple.product-type.application";
		};
		9CD972A226A1564600A3D879 /* NewsAppTests */ = {
			isa = PBXNativeTarget;
			buildConfigurationList = 9CD972BA26A1564600A3D879 /* Build configuration list for PBXNativeTarget "NewsAppTests" */;
			buildPhases = (
				9CD9729F26A1564600A3D879 /* Sources */,
				9CD972A026A1564600A3D879 /* Frameworks */,
				9CD972A126A1564600A3D879 /* Resources */,
			);
			buildRules = (
			);
			dependencies = (
				9CD972A526A1564600A3D879 /* PBXTargetDependency */,
			);
			name = NewsAppTests;
			productName = NewsAppTests;
			productReference = 9CD972A326A1564600A3D879 /* NewsAppTests.xctest */;
			productType = "com.apple.product-type.bundle.unit-test";
		};
		9CD972AD26A1564600A3D879 /* NewsAppUITests */ = {
			isa = PBXNativeTarget;
			buildConfigurationList = 9CD972BD26A1564600A3D879 /* Build configuration list for PBXNativeTarget "NewsAppUITests" */;
			buildPhases = (
				9CD972AA26A1564600A3D879 /* Sources */,
				9CD972AB26A1564600A3D879 /* Frameworks */,
				9CD972AC26A1564600A3D879 /* Resources */,
			);
			buildRules = (
			);
			dependencies = (
				9CD972B026A1564600A3D879 /* PBXTargetDependency */,
			);
			name = NewsAppUITests;
			productName = NewsAppUITests;
			productReference = 9CD972AE26A1564600A3D879 /* NewsAppUITests.xctest */;
			productType = "com.apple.product-type.bundle.ui-testing";
		};
/* End PBXNativeTarget section */

/* Begin PBXProject section */
		9CD9728226A1564300A3D879 /* Project object */ = {
			isa = PBXProject;
			attributes = {
				LastSwiftUpdateCheck = 1250;
				LastUpgradeCheck = 1250;
				TargetAttributes = {
					9CD9728926A1564300A3D879 = {
						CreatedOnToolsVersion = 12.5.1;
					};
					9CD972A226A1564600A3D879 = {
						CreatedOnToolsVersion = 12.5.1;
						TestTargetID = 9CD9728926A1564300A3D879;
					};
					9CD972AD26A1564600A3D879 = {
						CreatedOnToolsVersion = 12.5.1;
						TestTargetID = 9CD9728926A1564300A3D879;
					};
				};
			};
			buildConfigurationList = 9CD9728526A1564300A3D879 /* Build configuration list for PBXProject "NewsApp" */;
			compatibilityVersion = "Xcode 9.3";
			developmentRegion = en;
			hasScannedForEncodings = 0;
			knownRegions = (
				en,
				Base,
			);
			mainGroup = 9CD9728126A1564300A3D879;
			productRefGroup = 9CD9728B26A1564300A3D879 /* Products */;
			projectDirPath = "";
			projectRoot = "";
			targets = (
				9CD9728926A1564300A3D879 /* NewsApp */,
				9CD972A226A1564600A3D879 /* NewsAppTests */,
				9CD972AD26A1564600A3D879 /* NewsAppUITests */,
			);
		};
/* End PBXProject section */

/* Begin PBXResourcesBuildPhase section */
		9CD9728826A1564300A3D879 /* Resources */ = {
			isa = PBXResourcesBuildPhase;
			buildActionMask = 2147483647;
			files = (
				9CD4EE3F26A15B25001838AE /* OnboardingScreen.storyboard in Resources */,
				9CDA573026A304D700F8418A /* CategoryCell.xib in Resources */,
				9CD9729D26A1564600A3D879 /* LaunchScreen.storyboard in Resources */,
				9CEE400026A2220400C80115 /* HeadLinesCell.xib in Resources */,
				9CD4EE6326A21533001838AE /* HeadLinesScreen.storyboard in Resources */,
				9CD9729A26A1564600A3D879 /* Assets.xcassets in Resources */,
			);
			runOnlyForDeploymentPostprocessing = 0;
		};
		9CD972A126A1564600A3D879 /* Resources */ = {
			isa = PBXResourcesBuildPhase;
			buildActionMask = 2147483647;
			files = (
			);
			runOnlyForDeploymentPostprocessing = 0;
		};
		9CD972AC26A1564600A3D879 /* Resources */ = {
			isa = PBXResourcesBuildPhase;
			buildActionMask = 2147483647;
			files = (
			);
			runOnlyForDeploymentPostprocessing = 0;
		};
/* End PBXResourcesBuildPhase section */

/* Begin PBXSourcesBuildPhase section */
		9CD9728626A1564300A3D879 /* Sources */ = {
			isa = PBXSourcesBuildPhase;
			buildActionMask = 2147483647;
			files = (
				9CEE3FFF26A2220400C80115 /* HeadLinesCell.swift in Sources */,
				9CD4EE6A26A2176E001838AE /* WebService.swift in Sources */,
				9CD4EE5D26A21533001838AE /* HeadLinesScreenPresenter.swift in Sources */,
				9CDA572F26A304D700F8418A /* CategoryCell.swift in Sources */,
				9CD4EE6926A2176E001838AE /* ServiceHandler.swift in Sources */,
				9CD9728E26A1564300A3D879 /* AppDelegate.swift in Sources */,
				9CD4EE6D26A21872001838AE /* HeadLineModel.swift in Sources */,
				9CD4EE4126A15B25001838AE /* OnboardingScreenViewProtocols.swift in Sources */,
				9CD4EE4626A1C3F4001838AE /* CountryModel.swift in Sources */,
				9CD4EE6526A21533001838AE /* HeadLinesScreenInteractorProtocols.swift in Sources */,
				9CD4EE6426A21533001838AE /* HeadLinesScreenInteractor.swift in Sources */,
				9CEE400526A226BA00C80115 /* CacheManager.swift in Sources */,
				9CD4EE5F26A21533001838AE /* HeadLinesScreenWireframeProtocols.swift in Sources */,
				9CD4EE3C26A15B25001838AE /* OnboardingScreenPresenter.swift in Sources */,
				9CEE400426A226BA00C80115 /* ImageLoader.swift in Sources */,
				9CD4EE6226A21533001838AE /* HeadLinesScreenViewProtocols.swift in Sources */,
				9CD4EE3D26A15B25001838AE /* OnboardingScreenWireframe.swift in Sources */,
				9CD4EE4026A15B25001838AE /* OnboardingScreenView.swift in Sources */,
				9CD4EE6026A21533001838AE /* HeadLinesScreenWireframe.swift in Sources */,
				9CD4EE4A26A20E84001838AE /* Alertable.swift in Sources */,
				9CD4EE5E26A21533001838AE /* HeadLinesScreenPresenterProtocols.swift in Sources */,
				9CD4EE6126A21533001838AE /* HeadLinesScreenView.swift in Sources */,
				9CD9729826A1564300A3D879 /* NewsApp.xcdatamodeld in Sources */,
				9CD4EE4226A15B25001838AE /* OnboardingScreenInteractorProtocols.swift in Sources */,
				9CD4EE3B26A15B25001838AE /* OnboardingScreenPresenterProtocols.swift in Sources */,
				9CD4EE4326A15B25001838AE /* OnboardingScreenInteractor.swift in Sources */,
				9CD4EE3E26A15B25001838AE /* OnboardingScreenWireframeProtocols.swift in Sources */,
				9CD4EE6F26A21981001838AE /* Constants.swift in Sources */,
			);
			runOnlyForDeploymentPostprocessing = 0;
		};
		9CD9729F26A1564600A3D879 /* Sources */ = {
			isa = PBXSourcesBuildPhase;
			buildActionMask = 2147483647;
			files = (
				9CD972A826A1564600A3D879 /* NewsAppTests.swift in Sources */,
			);
			runOnlyForDeploymentPostprocessing = 0;
		};
		9CD972AA26A1564600A3D879 /* Sources */ = {
			isa = PBXSourcesBuildPhase;
			buildActionMask = 2147483647;
			files = (
				9CD972B326A1564600A3D879 /* NewsAppUITests.swift in Sources */,
			);
			runOnlyForDeploymentPostprocessing = 0;
		};
/* End PBXSourcesBuildPhase section */

/* Begin PBXTargetDependency section */
		9CD972A526A1564600A3D879 /* PBXTargetDependency */ = {
			isa = PBXTargetDependency;
			target = 9CD9728926A1564300A3D879 /* NewsApp */;
			targetProxy = 9CD972A426A1564600A3D879 /* PBXContainerItemProxy */;
		};
		9CD972B026A1564600A3D879 /* PBXTargetDependency */ = {
			isa = PBXTargetDependency;
			target = 9CD9728926A1564300A3D879 /* NewsApp */;
			targetProxy = 9CD972AF26A1564600A3D879 /* PBXContainerItemProxy */;
		};
/* End PBXTargetDependency section */

/* Begin PBXVariantGroup section */
		9CD9729B26A1564600A3D879 /* LaunchScreen.storyboard */ = {
			isa = PBXVariantGroup;
			children = (
				9CD9729C26A1564600A3D879 /* Base */,
			);
			name = LaunchScreen.storyboard;
			sourceTree = "<group>";
		};
/* End PBXVariantGroup section */

/* Begin XCBuildConfiguration section */
		9CD972B526A1564600A3D879 /* Debug */ = {
			isa = XCBuildConfiguration;
			buildSettings = {
				ALWAYS_SEARCH_USER_PATHS = NO;
				CLANG_ANALYZER_NONNULL = YES;
				CLANG_ANALYZER_NUMBER_OBJECT_CONVERSION = YES_AGGRESSIVE;
				CLANG_CXX_LANGUAGE_STANDARD = "gnu++14";
				CLANG_CXX_LIBRARY = "libc++";
				CLANG_ENABLE_MODULES = YES;
				CLANG_ENABLE_OBJC_ARC = YES;
				CLANG_ENABLE_OBJC_WEAK = YES;
				CLANG_WARN_BLOCK_CAPTURE_AUTORELEASING = YES;
				CLANG_WARN_BOOL_CONVERSION = YES;
				CLANG_WARN_COMMA = YES;
				CLANG_WARN_CONSTANT_CONVERSION = YES;
				CLANG_WARN_DEPRECATED_OBJC_IMPLEMENTATIONS = YES;
				CLANG_WARN_DIRECT_OBJC_ISA_USAGE = YES_ERROR;
				CLANG_WARN_DOCUMENTATION_COMMENTS = YES;
				CLANG_WARN_EMPTY_BODY = YES;
				CLANG_WARN_ENUM_CONVERSION = YES;
				CLANG_WARN_INFINITE_RECURSION = YES;
				CLANG_WARN_INT_CONVERSION = YES;
				CLANG_WARN_NON_LITERAL_NULL_CONVERSION = YES;
				CLANG_WARN_OBJC_IMPLICIT_RETAIN_SELF = YES;
				CLANG_WARN_OBJC_LITERAL_CONVERSION = YES;
				CLANG_WARN_OBJC_ROOT_CLASS = YES_ERROR;
				CLANG_WARN_QUOTED_INCLUDE_IN_FRAMEWORK_HEADER = YES;
				CLANG_WARN_RANGE_LOOP_ANALYSIS = YES;
				CLANG_WARN_STRICT_PROTOTYPES = YES;
				CLANG_WARN_SUSPICIOUS_MOVE = YES;
				CLANG_WARN_UNGUARDED_AVAILABILITY = YES_AGGRESSIVE;
				CLANG_WARN_UNREACHABLE_CODE = YES;
				CLANG_WARN__DUPLICATE_METHOD_MATCH = YES;
				COPY_PHASE_STRIP = NO;
				DEBUG_INFORMATION_FORMAT = dwarf;
				ENABLE_STRICT_OBJC_MSGSEND = YES;
				ENABLE_TESTABILITY = YES;
				GCC_C_LANGUAGE_STANDARD = gnu11;
				GCC_DYNAMIC_NO_PIC = NO;
				GCC_NO_COMMON_BLOCKS = YES;
				GCC_OPTIMIZATION_LEVEL = 0;
				GCC_PREPROCESSOR_DEFINITIONS = (
					"DEBUG=1",
					"$(inherited)",
				);
				GCC_WARN_64_TO_32_BIT_CONVERSION = YES;
				GCC_WARN_ABOUT_RETURN_TYPE = YES_ERROR;
				GCC_WARN_UNDECLARED_SELECTOR = YES;
				GCC_WARN_UNINITIALIZED_AUTOS = YES_AGGRESSIVE;
				GCC_WARN_UNUSED_FUNCTION = YES;
				GCC_WARN_UNUSED_VARIABLE = YES;
				IPHONEOS_DEPLOYMENT_TARGET = 14.5;
				MTL_ENABLE_DEBUG_INFO = INCLUDE_SOURCE;
				MTL_FAST_MATH = YES;
				ONLY_ACTIVE_ARCH = YES;
				SDKROOT = iphoneos;
				SWIFT_ACTIVE_COMPILATION_CONDITIONS = DEBUG;
				SWIFT_OPTIMIZATION_LEVEL = "-Onone";
			};
			name = Debug;
		};
		9CD972B626A1564600A3D879 /* Release */ = {
			isa = XCBuildConfiguration;
			buildSettings = {
				ALWAYS_SEARCH_USER_PATHS = NO;
				CLANG_ANALYZER_NONNULL = YES;
				CLANG_ANALYZER_NUMBER_OBJECT_CONVERSION = YES_AGGRESSIVE;
				CLANG_CXX_LANGUAGE_STANDARD = "gnu++14";
				CLANG_CXX_LIBRARY = "libc++";
				CLANG_ENABLE_MODULES = YES;
				CLANG_ENABLE_OBJC_ARC = YES;
				CLANG_ENABLE_OBJC_WEAK = YES;
				CLANG_WARN_BLOCK_CAPTURE_AUTORELEASING = YES;
				CLANG_WARN_BOOL_CONVERSION = YES;
				CLANG_WARN_COMMA = YES;
				CLANG_WARN_CONSTANT_CONVERSION = YES;
				CLANG_WARN_DEPRECATED_OBJC_IMPLEMENTATIONS = YES;
				CLANG_WARN_DIRECT_OBJC_ISA_USAGE = YES_ERROR;
				CLANG_WARN_DOCUMENTATION_COMMENTS = YES;
				CLANG_WARN_EMPTY_BODY = YES;
				CLANG_WARN_ENUM_CONVERSION = YES;
				CLANG_WARN_INFINITE_RECURSION = YES;
				CLANG_WARN_INT_CONVERSION = YES;
				CLANG_WARN_NON_LITERAL_NULL_CONVERSION = YES;
				CLANG_WARN_OBJC_IMPLICIT_RETAIN_SELF = YES;
				CLANG_WARN_OBJC_LITERAL_CONVERSION = YES;
				CLANG_WARN_OBJC_ROOT_CLASS = YES_ERROR;
				CLANG_WARN_QUOTED_INCLUDE_IN_FRAMEWORK_HEADER = YES;
				CLANG_WARN_RANGE_LOOP_ANALYSIS = YES;
				CLANG_WARN_STRICT_PROTOTYPES = YES;
				CLANG_WARN_SUSPICIOUS_MOVE = YES;
				CLANG_WARN_UNGUARDED_AVAILABILITY = YES_AGGRESSIVE;
				CLANG_WARN_UNREACHABLE_CODE = YES;
				CLANG_WARN__DUPLICATE_METHOD_MATCH = YES;
				COPY_PHASE_STRIP = NO;
				DEBUG_INFORMATION_FORMAT = "dwarf-with-dsym";
				ENABLE_NS_ASSERTIONS = NO;
				ENABLE_STRICT_OBJC_MSGSEND = YES;
				GCC_C_LANGUAGE_STANDARD = gnu11;
				GCC_NO_COMMON_BLOCKS = YES;
				GCC_WARN_64_TO_32_BIT_CONVERSION = YES;
				GCC_WARN_ABOUT_RETURN_TYPE = YES_ERROR;
				GCC_WARN_UNDECLARED_SELECTOR = YES;
				GCC_WARN_UNINITIALIZED_AUTOS = YES_AGGRESSIVE;
				GCC_WARN_UNUSED_FUNCTION = YES;
				GCC_WARN_UNUSED_VARIABLE = YES;
				IPHONEOS_DEPLOYMENT_TARGET = 14.5;
				MTL_ENABLE_DEBUG_INFO = NO;
				MTL_FAST_MATH = YES;
				SDKROOT = iphoneos;
				SWIFT_COMPILATION_MODE = wholemodule;
				SWIFT_OPTIMIZATION_LEVEL = "-O";
				VALIDATE_PRODUCT = YES;
			};
			name = Release;
		};
		9CD972B826A1564600A3D879 /* Debug */ = {
			isa = XCBuildConfiguration;
			buildSettings = {
				ASSETCATALOG_COMPILER_APPICON_NAME = AppIcon;
				ASSETCATALOG_COMPILER_GLOBAL_ACCENT_COLOR_NAME = AccentColor;
				CODE_SIGN_STYLE = Automatic;
				INFOPLIST_FILE = NewsApp/Info.plist;
				LD_RUNPATH_SEARCH_PATHS = (
					"$(inherited)",
					"@executable_path/Frameworks",
				);
				PRODUCT_BUNDLE_IDENTIFIER = AhmedFitoh.NewsApp;
				PRODUCT_NAME = "$(TARGET_NAME)";
				SWIFT_VERSION = 5.0;
				TARGETED_DEVICE_FAMILY = "1,2";
			};
			name = Debug;
		};
		9CD972B926A1564600A3D879 /* Release */ = {
			isa = XCBuildConfiguration;
			buildSettings = {
				ASSETCATALOG_COMPILER_APPICON_NAME = AppIcon;
				ASSETCATALOG_COMPILER_GLOBAL_ACCENT_COLOR_NAME = AccentColor;
				CODE_SIGN_STYLE = Automatic;
				INFOPLIST_FILE = NewsApp/Info.plist;
				LD_RUNPATH_SEARCH_PATHS = (
					"$(inherited)",
					"@executable_path/Frameworks",
				);
				PRODUCT_BUNDLE_IDENTIFIER = AhmedFitoh.NewsApp;
				PRODUCT_NAME = "$(TARGET_NAME)";
				SWIFT_VERSION = 5.0;
				TARGETED_DEVICE_FAMILY = "1,2";
			};
			name = Release;
		};
		9CD972BB26A1564600A3D879 /* Debug */ = {
			isa = XCBuildConfiguration;
			buildSettings = {
				ALWAYS_EMBED_SWIFT_STANDARD_LIBRARIES = YES;
				BUNDLE_LOADER = "$(TEST_HOST)";
				CODE_SIGN_STYLE = Automatic;
				INFOPLIST_FILE = NewsAppTests/Info.plist;
				IPHONEOS_DEPLOYMENT_TARGET = 14.5;
				LD_RUNPATH_SEARCH_PATHS = (
					"$(inherited)",
					"@executable_path/Frameworks",
					"@loader_path/Frameworks",
				);
				PRODUCT_BUNDLE_IDENTIFIER = AhmedFitoh.NewsAppTests;
				PRODUCT_NAME = "$(TARGET_NAME)";
				SWIFT_VERSION = 5.0;
				TARGETED_DEVICE_FAMILY = "1,2";
				TEST_HOST = "$(BUILT_PRODUCTS_DIR)/NewsApp.app/NewsApp";
			};
			name = Debug;
		};
		9CD972BC26A1564600A3D879 /* Release */ = {
			isa = XCBuildConfiguration;
			buildSettings = {
				ALWAYS_EMBED_SWIFT_STANDARD_LIBRARIES = YES;
				BUNDLE_LOADER = "$(TEST_HOST)";
				CODE_SIGN_STYLE = Automatic;
				INFOPLIST_FILE = NewsAppTests/Info.plist;
				IPHONEOS_DEPLOYMENT_TARGET = 14.5;
				LD_RUNPATH_SEARCH_PATHS = (
					"$(inherited)",
					"@executable_path/Frameworks",
					"@loader_path/Frameworks",
				);
				PRODUCT_BUNDLE_IDENTIFIER = AhmedFitoh.NewsAppTests;
				PRODUCT_NAME = "$(TARGET_NAME)";
				SWIFT_VERSION = 5.0;
				TARGETED_DEVICE_FAMILY = "1,2";
				TEST_HOST = "$(BUILT_PRODUCTS_DIR)/NewsApp.app/NewsApp";
			};
			name = Release;
		};
		9CD972BE26A1564600A3D879 /* Debug */ = {
			isa = XCBuildConfiguration;
			buildSettings = {
				ALWAYS_EMBED_SWIFT_STANDARD_LIBRARIES = YES;
				CODE_SIGN_STYLE = Automatic;
				INFOPLIST_FILE = NewsAppUITests/Info.plist;
				LD_RUNPATH_SEARCH_PATHS = (
					"$(inherited)",
					"@executable_path/Frameworks",
					"@loader_path/Frameworks",
				);
				PRODUCT_BUNDLE_IDENTIFIER = AhmedFitoh.NewsAppUITests;
				PRODUCT_NAME = "$(TARGET_NAME)";
				SWIFT_VERSION = 5.0;
				TARGETED_DEVICE_FAMILY = "1,2";
				TEST_TARGET_NAME = NewsApp;
			};
			name = Debug;
		};
		9CD972BF26A1564600A3D879 /* Release */ = {
			isa = XCBuildConfiguration;
			buildSettings = {
				ALWAYS_EMBED_SWIFT_STANDARD_LIBRARIES = YES;
				CODE_SIGN_STYLE = Automatic;
				INFOPLIST_FILE = NewsAppUITests/Info.plist;
				LD_RUNPATH_SEARCH_PATHS = (
					"$(inherited)",
					"@executable_path/Frameworks",
					"@loader_path/Frameworks",
				);
				PRODUCT_BUNDLE_IDENTIFIER = AhmedFitoh.NewsAppUITests;
				PRODUCT_NAME = "$(TARGET_NAME)";
				SWIFT_VERSION = 5.0;
				TARGETED_DEVICE_FAMILY = "1,2";
				TEST_TARGET_NAME = NewsApp;
			};
			name = Release;
		};
/* End XCBuildConfiguration section */

/* Begin XCConfigurationList section */
		9CD9728526A1564300A3D879 /* Build configuration list for PBXProject "NewsApp" */ = {
			isa = XCConfigurationList;
			buildConfigurations = (
				9CD972B526A1564600A3D879 /* Debug */,
				9CD972B626A1564600A3D879 /* Release */,
			);
			defaultConfigurationIsVisible = 0;
			defaultConfigurationName = Release;
		};
		9CD972B726A1564600A3D879 /* Build configuration list for PBXNativeTarget "NewsApp" */ = {
			isa = XCConfigurationList;
			buildConfigurations = (
				9CD972B826A1564600A3D879 /* Debug */,
				9CD972B926A1564600A3D879 /* Release */,
			);
			defaultConfigurationIsVisible = 0;
			defaultConfigurationName = Release;
		};
		9CD972BA26A1564600A3D879 /* Build configuration list for PBXNativeTarget "NewsAppTests" */ = {
			isa = XCConfigurationList;
			buildConfigurations = (
				9CD972BB26A1564600A3D879 /* Debug */,
				9CD972BC26A1564600A3D879 /* Release */,
			);
			defaultConfigurationIsVisible = 0;
			defaultConfigurationName = Release;
		};
		9CD972BD26A1564600A3D879 /* Build configuration list for PBXNativeTarget "NewsAppUITests" */ = {
			isa = XCConfigurationList;
			buildConfigurations = (
				9CD972BE26A1564600A3D879 /* Debug */,
				9CD972BF26A1564600A3D879 /* Release */,
			);
			defaultConfigurationIsVisible = 0;
			defaultConfigurationName = Release;
		};
/* End XCConfigurationList section */

/* Begin XCVersionGroup section */
		9CD9729626A1564300A3D879 /* NewsApp.xcdatamodeld */ = {
			isa = XCVersionGroup;
			children = (
				9CD9729726A1564300A3D879 /* NewsApp.xcdatamodel */,
			);
			currentVersion = 9CD9729726A1564300A3D879 /* NewsApp.xcdatamodel */;
			path = NewsApp.xcdatamodeld;
			sourceTree = "<group>";
			versionGroupType = wrapper.xcdatamodel;
		};
/* End XCVersionGroup section */
	};
	rootObject = 9CD9728226A1564300A3D879 /* Project object */;
}
